{
  "object": {
    "pins": [
      {
        "package": "Html",
        "repositoryURL": "https://github.com/pointfreeco/swift-html",
        "state": {
          "branch": null,
          "revision": "3ffc3fc8feb5fde766f5f44fd06ebc030f0721f3",
          "version": "0.3.1"
        }
      },
      {
        "package": "SnapshotTesting",
        "repositoryURL": "https://github.com/pointfreeco/swift-snapshot-testing.git",
        "state": {
          "branch": null,
          "revision": "c466812aa2e22898f27557e2e780d3aad7a27203",
          "version": "1.8.2"
        }
      },
      {
        "package": "SwiftRichString",
        "repositoryURL": "https://github.com/malcommac/SwiftRichString.git",
        "state": {
          "branch": null,
          "revision": "9bf4b5af6bb4386865636fc504d6c588c2b65040",
          "version": "3.7.2"
        }
      }
    ]
  },
  "version": 1
}
